
Microsoft Visual Studio Solution File, Format Version 12.00
# Visual Studio 15
VisualStudioVersion = 15.0.28307.136
MinimumVisualStudioVersion = 10.0.40219.1
Project("{8BC9CEB8-8B4A-11D0-8D11-00A0C91BC942}") = "Modulna", "Modulna\Modulna.vcxproj", "{4D7130CD-5E4F-42FE-BD6F-68F7780B155C}"
EndProject
Global
	GlobalSection(SolutionConfigurationPlatforms) = preSolution
		Debug|x64 = Debug|x64
		Debug|x86 = Debug|x86
		Release|x64 = Release|x64
		Release|x86 = Release|x86
	EndGlobalSection
	GlobalSection(ProjectConfigurationPlatforms) = postSolution
		{4D7130CD-5E4F-42FE-BD6F-68F7780B155C}.Debug|x64.ActiveCfg = Debug|x64
		{4D7130CD-5E4F-42FE-BD6F-68F7780B155C}.Debug|x64.Build.0 = Debug|x64
		{4D7130CD-5E4F-42FE-BD6F-68F7780B155C}.Debug|x86.ActiveCfg = Debug|Win32
		{4D7130CD-5E4F-42FE-BD6F-68F7780B155C}.Debug|x86.Build.0 = Debug|Win32
		{4D7130CD-5E4F-42FE-BD6F-68F7780B155C}.Release|x64.ActiveCfg = Release|x64
		{4D7130CD-5E4F-42FE-BD6F-68F7780B155C}.Release|x64.Build.0 = Release|x64
		{4D7130CD-5E4F-42FE-BD6F-68F7780B155C}.Release|x86.ActiveCfg = Release|Win32
		{4D7130CD-5E4F-42FE-BD6F-68F7780B155C}.Release|x86.Build.0 = Release|Win32
	EndGlobalSection
	GlobalSection(SolutionProperties) = preSolution
		HideSolutionNode = FALSE
	EndGlobalSection
	GlobalSection(ExtensibilityGlobals) = postSolution
		SolutionGuid = {9F285018-B8E0-4B44-8261-D57B485A393E}
	EndGlobalSection
EndGlobal
